<?xml version="1.0" encoding="utf-8"?>
<Project ToolsVersion="4.0" xmlns="http://schemas.microsoft.com/developer/msbuild/2003">
  <ItemGroup>
    <ClInclude Include="..\test\a\a.h">
      <Filter>test\a</Filter>
    </ClInclude>
    <ClInclude Include="..\test\a\test.h">
      <Filter>test\a</Filter>
    </ClInclude>
    <ClInclude Include="..\chf\type_info.hpp">
      <Filter>chf</Filter>
    </ClInclude>
    <ClInclude Include="..\chf\type_info\generator.hpp">
      <Filter>chf\type_info</Filter>
    </ClInclude>
    <ClInclude Include="..\test\random.hpp">
      <Filter>test</Filter>
    </ClInclude>
  </ItemGroup>
  <ItemGroup>
    <ClCompile Include="..\Source.cpp" />
    <ClCompile Include="..\test\test-main.cpp">
      <Filter>test</Filter>
    </ClCompile>
    <ClCompile Include="..\test\a\a.cpp">
      <Filter>test\a</Filter>
    </ClCompile>
    <ClCompile Include="..\test\a\test-a.cpp">
      <Filter>test\a</Filter>
    </ClCompile>
    <ClCompile Include="..\test\a\a-generator.cpp">
      <Filter>test\a</Filter>
    </ClCompile>
    <ClCompile Include="..\test\random.cpp">
      <Filter>test</Filter>
    </ClCompile>
  </ItemGroup>
  <ItemGroup>
    <Filter Include="test">
      <UniqueIdentifier>{fa4aa6e1-894c-437f-b260-1ce91af357ad}</UniqueIdentifier>
    </Filter>
    <Filter Include="test\a">
      <UniqueIdentifier>{092397e6-6c50-4e1a-8a6d-dd2a2244d971}</UniqueIdentifier>
    </Filter>
    <Filter Include="chf">
      <UniqueIdentifier>{a8f4bf60-8381-4ac3-ba1b-63cafe49fc82}</UniqueIdentifier>
    </Filter>
    <Filter Include="chf\type_info">
      <UniqueIdentifier>{828a6b1f-202c-4bf6-8ad9-20163f2de048}</UniqueIdentifier>
    </Filter>
  </ItemGroup>
</Project>